
Microsoft Visual Studio Solution File, Format Version 12.00
# Visual Studio Version 17
VisualStudioVersion = 17.8.34511.84
MinimumVisualStudioVersion = 10.0.40219.1
Project("{FAE04EC0-301F-11D3-BF4B-00C04F79EFBC}") = "REST_app", "REST_app.csproj", "{248679BA-C36D-45F1-8F21-21537C66B1C4}"
EndProject
Global
	GlobalSection(SolutionConfigurationPlatforms) = preSolution
		Debug|Any CPU = Debug|Any CPU
		Release|Any CPU = Release|Any CPU
	EndGlobalSection
	GlobalSection(ProjectConfigurationPlatforms) = postSolution
		{248679BA-C36D-45F1-8F21-21537C66B1C4}.Debug|Any CPU.ActiveCfg = Debug|Any CPU
		{248679BA-C36D-45F1-8F21-21537C66B1C4}.Debug|Any CPU.Build.0 = Debug|Any CPU
		{248679BA-C36D-45F1-8F21-21537C66B1C4}.Release|Any CPU.ActiveCfg = Release|Any CPU
		{248679BA-C36D-45F1-8F21-21537C66B1C4}.Release|Any CPU.Build.0 = Release|Any CPU
	EndGlobalSection
	GlobalSection(SolutionProperties) = preSolution
		HideSolutionNode = FALSE
	EndGlobalSection
	GlobalSection(ExtensibilityGlobals) = postSolution
		SolutionGuid = {1B65C07E-0302-4C2D-83B8-235296C169D0}
	EndGlobalSection
EndGlobal
